// !$*UTF8*$!
{
	archiveVersion = 1;
	classes = {
	};
	objectVersion = 48;
	objects = {

/* Begin PBXBuildFile section */
		1292507A1F81FC9500F87DE4 /* Injectable.h in Headers */ = {isa = PBXBuildFile; fileRef = 129250781F81FC9500F87DE4 /* Injectable.h */; settings = {ATTRIBUTES = (Public, ); }; };
		129250811F81FCA500F87DE4 /* Injectable.swift in Sources */ = {isa = PBXBuildFile; fileRef = 129250801F81FCA500F87DE4 /* Injectable.swift */; };
		129250891F82034800F87DE4 /* AppDelegate.swift in Sources */ = {isa = PBXBuildFile; fileRef = 129250881F82034800F87DE4 /* AppDelegate.swift */; };
		1292508B1F82034800F87DE4 /* ViewController.swift in Sources */ = {isa = PBXBuildFile; fileRef = 1292508A1F82034800F87DE4 /* ViewController.swift */; };
		1292508E1F82034800F87DE4 /* Main.storyboard in Resources */ = {isa = PBXBuildFile; fileRef = 1292508C1F82034800F87DE4 /* Main.storyboard */; };
		129250901F82034800F87DE4 /* Assets.xcassets in Resources */ = {isa = PBXBuildFile; fileRef = 1292508F1F82034800F87DE4 /* Assets.xcassets */; };
		129250931F82034800F87DE4 /* LaunchScreen.storyboard in Resources */ = {isa = PBXBuildFile; fileRef = 129250911F82034800F87DE4 /* LaunchScreen.storyboard */; };
		129250991F82036C00F87DE4 /* InjectableViewController.swift in Sources */ = {isa = PBXBuildFile; fileRef = 129250981F82036C00F87DE4 /* InjectableViewController.swift */; };
		1292509A1F82037D00F87DE4 /* Injectable.swift in Sources */ = {isa = PBXBuildFile; fileRef = 129250801F81FCA500F87DE4 /* Injectable.swift */; };
/* End PBXBuildFile section */

/* Begin PBXFileReference section */
		129250751F81FC9500F87DE4 /* Injectable.framework */ = {isa = PBXFileReference; explicitFileType = wrapper.framework; includeInIndex = 0; path = Injectable.framework; sourceTree = BUILT_PRODUCTS_DIR; };
		129250781F81FC9500F87DE4 /* Injectable.h */ = {isa = PBXFileReference; lastKnownFileType = sourcecode.c.h; path = Injectable.h; sourceTree = "<group>"; };
		129250791F81FC9500F87DE4 /* Info.plist */ = {isa = PBXFileReference; lastKnownFileType = text.plist.xml; path = Info.plist; sourceTree = "<group>"; };
		129250801F81FCA500F87DE4 /* Injectable.swift */ = {isa = PBXFileReference; lastKnownFileType = sourcecode.swift; path = Injectable.swift; sourceTree = "<group>"; };
		129250861F82034800F87DE4 /* Sample.app */ = {isa = PBXFileReference; explicitFileType = wrapper.application; includeInIndex = 0; path = Sample.app; sourceTree = BUILT_PRODUCTS_DIR; };
		129250881F82034800F87DE4 /* AppDelegate.swift */ = {isa = PBXFileReference; lastKnownFileType = sourcecode.swift; path = AppDelegate.swift; sourceTree = "<group>"; };
		1292508A1F82034800F87DE4 /* ViewController.swift */ = {isa = PBXFileReference; lastKnownFileType = sourcecode.swift; path = ViewController.swift; sourceTree = "<group>"; };
		1292508D1F82034800F87DE4 /* Base */ = {isa = PBXFileReference; lastKnownFileType = file.storyboard; name = Base; path = Base.lproj/Main.storyboard; sourceTree = "<group>"; };
		1292508F1F82034800F87DE4 /* Assets.xcassets */ = {isa = PBXFileReference; lastKnownFileType = folder.assetcatalog; path = Assets.xcassets; sourceTree = "<group>"; };
		129250921F82034800F87DE4 /* Base */ = {isa = PBXFileReference; lastKnownFileType = file.storyboard; name = Base; path = Base.lproj/LaunchScreen.storyboard; sourceTree = "<group>"; };
		129250941F82034800F87DE4 /* Info.plist */ = {isa = PBXFileReference; lastKnownFileType = text.plist.xml; path = Info.plist; sourceTree = "<group>"; };
		129250981F82036C00F87DE4 /* InjectableViewController.swift */ = {isa = PBXFileReference; lastKnownFileType = sourcecode.swift; path = InjectableViewController.swift; sourceTree = "<group>"; };
/* End PBXFileReference section */

/* Begin PBXFrameworksBuildPhase section */
		129250711F81FC9500F87DE4 /* Frameworks */ = {
			isa = PBXFrameworksBuildPhase;
			buildActionMask = 2147483647;
			files = (
			);
			runOnlyForDeploymentPostprocessing = 0;
		};
		129250831F82034800F87DE4 /* Frameworks */ = {
			isa = PBXFrameworksBuildPhase;
			buildActionMask = 2147483647;
			files = (
			);
			runOnlyForDeploymentPostprocessing = 0;
		};
/* End PBXFrameworksBuildPhase section */

/* Begin PBXGroup section */
		1292506B1F81FC9500F87DE4 = {
			isa = PBXGroup;
			children = (
				129250771F81FC9500F87DE4 /* Injectable */,
				129250871F82034800F87DE4 /* Sample */,
				129250761F81FC9500F87DE4 /* Products */,
			);
			sourceTree = "<group>";
		};
		129250761F81FC9500F87DE4 /* Products */ = {
			isa = PBXGroup;
			children = (
				129250751F81FC9500F87DE4 /* Injectable.framework */,
				129250861F82034800F87DE4 /* Sample.app */,
			);
			name = Products;
			sourceTree = "<group>";
		};
		129250771F81FC9500F87DE4 /* Injectable */ = {
			isa = PBXGroup;
			children = (
				129250781F81FC9500F87DE4 /* Injectable.h */,
				129250801F81FCA500F87DE4 /* Injectable.swift */,
				129250791F81FC9500F87DE4 /* Info.plist */,
			);
			path = Injectable;
			sourceTree = "<group>";
		};
		129250871F82034800F87DE4 /* Sample */ = {
			isa = PBXGroup;
			children = (
				129250881F82034800F87DE4 /* AppDelegate.swift */,
				1292508A1F82034800F87DE4 /* ViewController.swift */,
				129250981F82036C00F87DE4 /* InjectableViewController.swift */,
				1292508C1F82034800F87DE4 /* Main.storyboard */,
				1292508F1F82034800F87DE4 /* Assets.xcassets */,
				129250911F82034800F87DE4 /* LaunchScreen.storyboard */,
				129250941F82034800F87DE4 /* Info.plist */,
			);
			path = Sample;
			sourceTree = "<group>";
		};
/* End PBXGroup section */

/* Begin PBXHeadersBuildPhase section */
		129250721F81FC9500F87DE4 /* Headers */ = {
			isa = PBXHeadersBuildPhase;
			buildActionMask = 2147483647;
			files = (
				1292507A1F81FC9500F87DE4 /* Injectable.h in Headers */,
			);
			runOnlyForDeploymentPostprocessing = 0;
		};
/* End PBXHeadersBuildPhase section */

/* Begin PBXNativeTarget section */
		129250741F81FC9500F87DE4 /* Injectable */ = {
			isa = PBXNativeTarget;
			buildConfigurationList = 1292507D1F81FC9500F87DE4 /* Build configuration list for PBXNativeTarget "Injectable" */;
			buildPhases = (
				129250701F81FC9500F87DE4 /* Sources */,
				129250711F81FC9500F87DE4 /* Frameworks */,
				129250721F81FC9500F87DE4 /* Headers */,
				129250731F81FC9500F87DE4 /* Resources */,
			);
			buildRules = (
			);
			dependencies = (
			);
			name = Injectable;
			productName = Injectable;
			productReference = 129250751F81FC9500F87DE4 /* Injectable.framework */;
			productType = "com.apple.product-type.framework";
		};
		129250851F82034800F87DE4 /* Sample */ = {
			isa = PBXNativeTarget;
			buildConfigurationList = 129250951F82034800F87DE4 /* Build configuration list for PBXNativeTarget "Sample" */;
			buildPhases = (
				129250821F82034800F87DE4 /* Sources */,
				129250831F82034800F87DE4 /* Frameworks */,
				129250841F82034800F87DE4 /* Resources */,
			);
			buildRules = (
			);
			dependencies = (
			);
			name = Sample;
			productName = Sample;
			productReference = 129250861F82034800F87DE4 /* Sample.app */;
			productType = "com.apple.product-type.application";
		};
/* End PBXNativeTarget section */

/* Begin PBXProject section */
		1292506C1F81FC9500F87DE4 /* Project object */ = {
			isa = PBXProject;
			attributes = {
				LastSwiftUpdateCheck = 0900;
				LastUpgradeCheck = 0900;
				ORGANIZATIONNAME = "Stamp Inc";
				TargetAttributes = {
					129250741F81FC9500F87DE4 = {
						CreatedOnToolsVersion = 9.0;
						LastSwiftMigration = 0900;
						ProvisioningStyle = Automatic;
					};
					129250851F82034800F87DE4 = {
						CreatedOnToolsVersion = 9.0;
						ProvisioningStyle = Automatic;
					};
				};
			};
			buildConfigurationList = 1292506F1F81FC9500F87DE4 /* Build configuration list for PBXProject "Injectable" */;
			compatibilityVersion = "Xcode 8.0";
			developmentRegion = en;
			hasScannedForEncodings = 0;
			knownRegions = (
				en,
				Base,
			);
			mainGroup = 1292506B1F81FC9500F87DE4;
			productRefGroup = 129250761F81FC9500F87DE4 /* Products */;
			projectDirPath = "";
			projectRoot = "";
			targets = (
				129250741F81FC9500F87DE4 /* Injectable */,
				129250851F82034800F87DE4 /* Sample */,
			);
		};
/* End PBXProject section */

/* Begin PBXResourcesBuildPhase section */
		129250731F81FC9500F87DE4 /* Resources */ = {
			isa = PBXResourcesBuildPhase;
			buildActionMask = 2147483647;
			files = (
			);
			runOnlyForDeploymentPostprocessing = 0;
		};
		129250841F82034800F87DE4 /* Resources */ = {
			isa = PBXResourcesBuildPhase;
			buildActionMask = 2147483647;
			files = (
				129250931F82034800F87DE4 /* LaunchScreen.storyboard in Resources */,
				129250901F82034800F87DE4 /* Assets.xcassets in Resources */,
				1292508E1F82034800F87DE4 /* Main.storyboard in Resources */,
			);
			runOnlyForDeploymentPostprocessing = 0;
		};
/* End PBXResourcesBuildPhase section */

/* Begin PBXSourcesBuildPhase section */
		129250701F81FC9500F87DE4 /* Sources */ = {
			isa = PBXSourcesBuildPhase;
			buildActionMask = 2147483647;
			files = (
				129250811F81FCA500F87DE4 /* Injectable.swift in Sources */,
			);
			runOnlyForDeploymentPostprocessing = 0;
		};
		129250821F82034800F87DE4 /* Sources */ = {
			isa = PBXSourcesBuildPhase;
			buildActionMask = 2147483647;
			files = (
				1292509A1F82037D00F87DE4 /* Injectable.swift in Sources */,
				1292508B1F82034800F87DE4 /* ViewController.swift in Sources */,
				129250891F82034800F87DE4 /* AppDelegate.swift in Sources */,
				129250991F82036C00F87DE4 /* InjectableViewController.swift in Sources */,
			);
			runOnlyForDeploymentPostprocessing = 0;
		};
/* End PBXSourcesBuildPhase section */

/* Begin PBXVariantGroup section */
		1292508C1F82034800F87DE4 /* Main.storyboard */ = {
			isa = PBXVariantGroup;
			children = (
				1292508D1F82034800F87DE4 /* Base */,
			);
			name = Main.storyboard;
			sourceTree = "<group>";
		};
		129250911F82034800F87DE4 /* LaunchScreen.storyboard */ = {
			isa = PBXVariantGroup;
			children = (
				129250921F82034800F87DE4 /* Base */,
			);
			name = LaunchScreen.storyboard;
			sourceTree = "<group>";
		};
/* End PBXVariantGroup section */

/* Begin XCBuildConfiguration section */
		1292507B1F81FC9500F87DE4 /* Debug */ = {
			isa = XCBuildConfiguration;
			buildSettings = {
				ALWAYS_SEARCH_USER_PATHS = NO;
				CLANG_ANALYZER_NONNULL = YES;
				CLANG_ANALYZER_NUMBER_OBJECT_CONVERSION = YES_AGGRESSIVE;
				CLANG_CXX_LANGUAGE_STANDARD = "gnu++14";
				CLANG_CXX_LIBRARY = "libc++";
				CLANG_ENABLE_MODULES = YES;
				CLANG_ENABLE_OBJC_ARC = YES;
				CLANG_WARN_BLOCK_CAPTURE_AUTORELEASING = YES;
				CLANG_WARN_BOOL_CONVERSION = YES;
				CLANG_WARN_COMMA = YES;
				CLANG_WARN_CONSTANT_CONVERSION = YES;
				CLANG_WARN_DIRECT_OBJC_ISA_USAGE = YES_ERROR;
				CLANG_WARN_DOCUMENTATION_COMMENTS = YES;
				CLANG_WARN_EMPTY_BODY = YES;
				CLANG_WARN_ENUM_CONVERSION = YES;
				CLANG_WARN_INFINITE_RECURSION = YES;
				CLANG_WARN_INT_CONVERSION = YES;
				CLANG_WARN_NON_LITERAL_NULL_CONVERSION = YES;
				CLANG_WARN_OBJC_LITERAL_CONVERSION = YES;
				CLANG_WARN_OBJC_ROOT_CLASS = YES_ERROR;
				CLANG_WARN_RANGE_LOOP_ANALYSIS = YES;
				CLANG_WARN_STRICT_PROTOTYPES = YES;
				CLANG_WARN_SUSPICIOUS_MOVE = YES;
				CLANG_WARN_UNGUARDED_AVAILABILITY = YES_AGGRESSIVE;
				CLANG_WARN_UNREACHABLE_CODE = YES;
				CLANG_WARN__DUPLICATE_METHOD_MATCH = YES;
				CODE_SIGN_IDENTITY = "iPhone Developer";
				COPY_PHASE_STRIP = NO;
				CURRENT_PROJECT_VERSION = 1;
				DEBUG_INFORMATION_FORMAT = dwarf;
				ENABLE_STRICT_OBJC_MSGSEND = YES;
				ENABLE_TESTABILITY = YES;
				GCC_C_LANGUAGE_STANDARD = gnu11;
				GCC_DYNAMIC_NO_PIC = NO;
				GCC_NO_COMMON_BLOCKS = YES;
				GCC_OPTIMIZATION_LEVEL = 0;
				GCC_PREPROCESSOR_DEFINITIONS = (
					"DEBUG=1",
					"$(inherited)",
				);
				GCC_WARN_64_TO_32_BIT_CONVERSION = YES;
				GCC_WARN_ABOUT_RETURN_TYPE = YES_ERROR;
				GCC_WARN_UNDECLARED_SELECTOR = YES;
				GCC_WARN_UNINITIALIZED_AUTOS = YES_AGGRESSIVE;
				GCC_WARN_UNUSED_FUNCTION = YES;
				GCC_WARN_UNUSED_VARIABLE = YES;
				IPHONEOS_DEPLOYMENT_TARGET = 11.0;
				MTL_ENABLE_DEBUG_INFO = YES;
				ONLY_ACTIVE_ARCH = YES;
				SDKROOT = iphoneos;
				SWIFT_ACTIVE_COMPILATION_CONDITIONS = DEBUG;
				SWIFT_OPTIMIZATION_LEVEL = "-Onone";
				VERSIONING_SYSTEM = "apple-generic";
				VERSION_INFO_PREFIX = "";
			};
			name = Debug;
		};
		1292507C1F81FC9500F87DE4 /* Release */ = {
			isa = XCBuildConfiguration;
			buildSettings = {
				ALWAYS_SEARCH_USER_PATHS = NO;
				CLANG_ANALYZER_NONNULL = YES;
				CLANG_ANALYZER_NUMBER_OBJECT_CONVERSION = YES_AGGRESSIVE;
				CLANG_CXX_LANGUAGE_STANDARD = "gnu++14";
				CLANG_CXX_LIBRARY = "libc++";
				CLANG_ENABLE_MODULES = YES;
				CLANG_ENABLE_OBJC_ARC = YES;
				CLANG_WARN_BLOCK_CAPTURE_AUTORELEASING = YES;
				CLANG_WARN_BOOL_CONVERSION = YES;
				CLANG_WARN_COMMA = YES;
				CLANG_WARN_CONSTANT_CONVERSION = YES;
				CLANG_WARN_DIRECT_OBJC_ISA_USAGE = YES_ERROR;
				CLANG_WARN_DOCUMENTATION_COMMENTS = YES;
				CLANG_WARN_EMPTY_BODY = YES;
				CLANG_WARN_ENUM_CONVERSION = YES;
				CLANG_WARN_INFINITE_RECURSION = YES;
				CLANG_WARN_INT_CONVERSION = YES;
				CLANG_WARN_NON_LITERAL_NULL_CONVERSION = YES;
				CLANG_WARN_OBJC_LITERAL_CONVERSION = YES;
				CLANG_WARN_OBJC_ROOT_CLASS = YES_ERROR;
				CLANG_WARN_RANGE_LOOP_ANALYSIS = YES;
				CLANG_WARN_STRICT_PROTOTYPES = YES;
				CLANG_WARN_SUSPICIOUS_MOVE = YES;
				CLANG_WARN_UNGUARDED_AVAILABILITY = YES_AGGRESSIVE;
				CLANG_WARN_UNREACHABLE_CODE = YES;
				CLANG_WARN__DUPLICATE_METHOD_MATCH = YES;
				CODE_SIGN_IDENTITY = "iPhone Developer";
				COPY_PHASE_STRIP = NO;
				CURRENT_PROJECT_VERSION = 1;
				DEBUG_INFORMATION_FORMAT = "dwarf-with-dsym";
				ENABLE_NS_ASSERTIONS = NO;
				ENABLE_STRICT_OBJC_MSGSEND = YES;
				GCC_C_LANGUAGE_STANDARD = gnu11;
				GCC_NO_COMMON_BLOCKS = YES;
				GCC_WARN_64_TO_32_BIT_CONVERSION = YES;
				GCC_WARN_ABOUT_RETURN_TYPE = YES_ERROR;
				GCC_WARN_UNDECLARED_SELECTOR = YES;
				GCC_WARN_UNINITIALIZED_AUTOS = YES_AGGRESSIVE;
				GCC_WARN_UNUSED_FUNCTION = YES;
				GCC_WARN_UNUSED_VARIABLE = YES;
				IPHONEOS_DEPLOYMENT_TARGET = 11.0;
				MTL_ENABLE_DEBUG_INFO = NO;
				SDKROOT = iphoneos;
				SWIFT_OPTIMIZATION_LEVEL = "-Owholemodule";
				VALIDATE_PRODUCT = YES;
				VERSIONING_SYSTEM = "apple-generic";
				VERSION_INFO_PREFIX = "";
			};
			name = Release;
		};
		1292507E1F81FC9500F87DE4 /* Debug */ = {
			isa = XCBuildConfiguration;
			buildSettings = {
				CLANG_ENABLE_MODULES = YES;
				CODE_SIGN_IDENTITY = "";
				CODE_SIGN_STYLE = Automatic;
				DEFINES_MODULE = YES;
				DEVELOPMENT_TEAM = 88ACA86N96;
				DYLIB_COMPATIBILITY_VERSION = 1;
				DYLIB_CURRENT_VERSION = 1;
				DYLIB_INSTALL_NAME_BASE = "@rpath";
				INFOPLIST_FILE = Injectable/Info.plist;
				INSTALL_PATH = "$(LOCAL_LIBRARY_DIR)/Frameworks";
				LD_RUNPATH_SEARCH_PATHS = "$(inherited) @executable_path/Frameworks @loader_path/Frameworks";
				PRODUCT_BUNDLE_IDENTIFIER = team.stamp.Injectable;
				PRODUCT_NAME = "$(TARGET_NAME:c99extidentifier)";
				SKIP_INSTALL = YES;
				SWIFT_OPTIMIZATION_LEVEL = "-Onone";
				SWIFT_VERSION = 4.0;
				TARGETED_DEVICE_FAMILY = "1,2";
			};
			name = Debug;
		};
		1292507F1F81FC9500F87DE4 /* Release */ = {
			isa = XCBuildConfiguration;
			buildSettings = {
				CLANG_ENABLE_MODULES = YES;
				CODE_SIGN_IDENTITY = "";
				CODE_SIGN_STYLE = Automatic;
				DEFINES_MODULE = YES;
				DEVELOPMENT_TEAM = 88ACA86N96;
				DYLIB_COMPATIBILITY_VERSION = 1;
				DYLIB_CURRENT_VERSION = 1;
				DYLIB_INSTALL_NAME_BASE = "@rpath";
				INFOPLIST_FILE = Injectable/Info.plist;
				INSTALL_PATH = "$(LOCAL_LIBRARY_DIR)/Frameworks";
				LD_RUNPATH_SEARCH_PATHS = "$(inherited) @executable_path/Frameworks @loader_path/Frameworks";
				PRODUCT_BUNDLE_IDENTIFIER = team.stamp.Injectable;
				PRODUCT_NAME = "$(TARGET_NAME:c99extidentifier)";
				SKIP_INSTALL = YES;
				SWIFT_VERSION = 4.0;
				TARGETED_DEVICE_FAMILY = "1,2";
			};
			name = Release;
		};
		129250961F82034800F87DE4 /* Debug */ = {
			isa = XCBuildConfiguration;
			buildSettings = {
				ASSETCATALOG_COMPILER_APPICON_NAME = AppIcon;
				CODE_SIGN_STYLE = Automatic;
				DEVELOPMENT_TEAM = 88ACA86N96;
				INFOPLIST_FILE = Sample/Info.plist;
				LD_RUNPATH_SEARCH_PATHS = "$(inherited) @executable_path/Frameworks";
				PRODUCT_BUNDLE_IDENTIFIER = team.stamp.Sample;
				PRODUCT_NAME = "$(TARGET_NAME)";
				SWIFT_VERSION = 4.0;
				TARGETED_DEVICE_FAMILY = "1,2";
			};
			name = Debug;
		};
		129250971F82034800F87DE4 /* Release */ = {
			isa = XCBuildConfiguration;
			buildSettings = {
				ASSETCATALOG_COMPILER_APPICON_NAME = AppIcon;
				CODE_SIGN_STYLE = Automatic;
				DEVELOPMENT_TEAM = 88ACA86N96;
				INFOPLIST_FILE = Sample/Info.plist;
				LD_RUNPATH_SEARCH_PATHS = "$(inherited) @executable_path/Frameworks";
				PRODUCT_BUNDLE_IDENTIFIER = team.stamp.Sample;
				PRODUCT_NAME = "$(TARGET_NAME)";
				SWIFT_VERSION = 4.0;
				TARGETED_DEVICE_FAMILY = "1,2";
			};
			name = Release;
		};
/* End XCBuildConfiguration section */

/* Begin XCConfigurationList section */
		1292506F1F81FC9500F87DE4 /* Build configuration list for PBXProject "Injectable" */ = {
			isa = XCConfigurationList;
			buildConfigurations = (
				1292507B1F81FC9500F87DE4 /* Debug */,
				1292507C1F81FC9500F87DE4 /* Release */,
			);
			defaultConfigurationIsVisible = 0;
			defaultConfigurationName = Release;
		};
		1292507D1F81FC9500F87DE4 /* Build configuration list for PBXNativeTarget "Injectable" */ = {
			isa = XCConfigurationList;
			buildConfigurations = (
				1292507E1F81FC9500F87DE4 /* Debug */,
				1292507F1F81FC9500F87DE4 /* Release */,
			);
			defaultConfigurationIsVisible = 0;
			defaultConfigurationName = Release;
		};
		129250951F82034800F87DE4 /* Build configuration list for PBXNativeTarget "Sample" */ = {
			isa = XCConfigurationList;
			buildConfigurations = (
				129250961F82034800F87DE4 /* Debug */,
				129250971F82034800F87DE4 /* Release */,
			);
			defaultConfigurationIsVisible = 0;
			defaultConfigurationName = Release;
		};
/* End XCConfigurationList section */
	};
	rootObject = 1292506C1F81FC9500F87DE4 /* Project object */;
}
